
Microsoft Visual Studio Solution File, Format Version 12.00
# Visual Studio 2013
VisualStudioVersion = 12.0.31101.0
MinimumVisualStudioVersion = 10.0.40219.1
Project("{FAE04EC0-301F-11D3-BF4B-00C04F79EFBC}") = "CaptchaLibrary", "CaptchaLibrary\CaptchaLibrary.csproj", "{B77EF3AB-492B-4C3A-9EE4-EBAB67C24BA0}"
EndProject
Project("{FAE04EC0-301F-11D3-BF4B-00C04F79EFBC}") = "UnitTestCaptcha", "UnitTestCaptcha\UnitTestCaptcha.csproj", "{F79EE638-49AD-4E15-B2F7-15BBD93B97C9}"
EndProject
Project("{2150E333-8FDC-42A3-9474-1A3956D46DE8}") = ".nuget", ".nuget", "{97C9FBA0-059D-4F5C-B134-BDB5514C3032}"
	ProjectSection(SolutionItems) = preProject
		.nuget\packages.config = .nuget\packages.config
	EndProjectSection
EndProject
Global
	GlobalSection(SolutionConfigurationPlatforms) = preSolution
		Debug|Any CPU = Debug|Any CPU
		Release|Any CPU = Release|Any CPU
	EndGlobalSection
	GlobalSection(ProjectConfigurationPlatforms) = postSolution
		{B77EF3AB-492B-4C3A-9EE4-EBAB67C24BA0}.Debug|Any CPU.ActiveCfg = Debug|Any CPU
		{B77EF3AB-492B-4C3A-9EE4-EBAB67C24BA0}.Debug|Any CPU.Build.0 = Debug|Any CPU
		{B77EF3AB-492B-4C3A-9EE4-EBAB67C24BA0}.Release|Any CPU.ActiveCfg = Release|Any CPU
		{B77EF3AB-492B-4C3A-9EE4-EBAB67C24BA0}.Release|Any CPU.Build.0 = Release|Any CPU
		{F79EE638-49AD-4E15-B2F7-15BBD93B97C9}.Debug|Any CPU.ActiveCfg = Debug|Any CPU
		{F79EE638-49AD-4E15-B2F7-15BBD93B97C9}.Debug|Any CPU.Build.0 = Debug|Any CPU
		{F79EE638-49AD-4E15-B2F7-15BBD93B97C9}.Release|Any CPU.ActiveCfg = Release|Any CPU
		{F79EE638-49AD-4E15-B2F7-15BBD93B97C9}.Release|Any CPU.Build.0 = Release|Any CPU
	EndGlobalSection
	GlobalSection(SolutionProperties) = preSolution
		HideSolutionNode = FALSE
	EndGlobalSection
EndGlobal
